// !$*UTF8*$!
{
	archiveVersion = 1;
	classes = {
	};
	objectVersion = 56;
	objects = {

/* Begin PBXBuildFile section */
		A293EE792B43AC8400B606D7 /* CinemixApp.swift in Sources */ = {isa = PBXBuildFile; fileRef = A293EE782B43AC8400B606D7 /* CinemixApp.swift */; };
		A293EE7B2B43AC8400B606D7 /* Persistence.swift in Sources */ = {isa = PBXBuildFile; fileRef = A293EE7A2B43AC8400B606D7 /* Persistence.swift */; };
		A293EE7E2B43AC8400B606D7 /* Cinemix.xcdatamodeld in Sources */ = {isa = PBXBuildFile; fileRef = A293EE7C2B43AC8400B606D7 /* Cinemix.xcdatamodeld */; };
		A293EE802B43AC8400B606D7 /* ContentView.swift in Sources */ = {isa = PBXBuildFile; fileRef = A293EE7F2B43AC8400B606D7 /* ContentView.swift */; };
		A293EE822B43AC8600B606D7 /* Assets.xcassets in Resources */ = {isa = PBXBuildFile; fileRef = A293EE812B43AC8600B606D7 /* Assets.xcassets */; };
		A293EE862B43AC8600B606D7 /* Preview Assets.xcassets in Resources */ = {isa = PBXBuildFile; fileRef = A293EE852B43AC8600B606D7 /* Preview Assets.xcassets */; };
		A293EE902B43AC8700B606D7 /* CinemixTests.swift in Sources */ = {isa = PBXBuildFile; fileRef = A293EE8F2B43AC8700B606D7 /* CinemixTests.swift */; };
		A293EE9A2B43AC8700B606D7 /* CinemixUITests.swift in Sources */ = {isa = PBXBuildFile; fileRef = A293EE992B43AC8700B606D7 /* CinemixUITests.swift */; };
		A293EE9C2B43AC8700B606D7 /* CinemixUITestsLaunchTests.swift in Sources */ = {isa = PBXBuildFile; fileRef = A293EE9B2B43AC8700B606D7 /* CinemixUITestsLaunchTests.swift */; };
/* End PBXBuildFile section */

/* Begin PBXContainerItemProxy section */
		A293EE8C2B43AC8700B606D7 /* PBXContainerItemProxy */ = {
			isa = PBXContainerItemProxy;
			containerPortal = A293EE6D2B43AC8400B606D7 /* Project object */;
			proxyType = 1;
			remoteGlobalIDString = A293EE742B43AC8400B606D7;
			remoteInfo = Cinemix;
		};
		A293EE962B43AC8700B606D7 /* PBXContainerItemProxy */ = {
			isa = PBXContainerItemProxy;
			containerPortal = A293EE6D2B43AC8400B606D7 /* Project object */;
			proxyType = 1;
			remoteGlobalIDString = A293EE742B43AC8400B606D7;
			remoteInfo = Cinemix;
		};
/* End PBXContainerItemProxy section */

/* Begin PBXFileReference section */
		A293EE752B43AC8400B606D7 /* Cinemix.app */ = {isa = PBXFileReference; explicitFileType = wrapper.application; includeInIndex = 0; path = Cinemix.app; sourceTree = BUILT_PRODUCTS_DIR; };
		A293EE782B43AC8400B606D7 /* CinemixApp.swift */ = {isa = PBXFileReference; lastKnownFileType = sourcecode.swift; path = CinemixApp.swift; sourceTree = "<group>"; };
		A293EE7A2B43AC8400B606D7 /* Persistence.swift */ = {isa = PBXFileReference; lastKnownFileType = sourcecode.swift; path = Persistence.swift; sourceTree = "<group>"; };
		A293EE7D2B43AC8400B606D7 /* Cinemix.xcdatamodel */ = {isa = PBXFileReference; lastKnownFileType = wrapper.xcdatamodel; path = Cinemix.xcdatamodel; sourceTree = "<group>"; };
		A293EE7F2B43AC8400B606D7 /* ContentView.swift */ = {isa = PBXFileReference; lastKnownFileType = sourcecode.swift; path = ContentView.swift; sourceTree = "<group>"; };
		A293EE812B43AC8600B606D7 /* Assets.xcassets */ = {isa = PBXFileReference; lastKnownFileType = folder.assetcatalog; path = Assets.xcassets; sourceTree = "<group>"; };
		A293EE832B43AC8600B606D7 /* Cinemix.entitlements */ = {isa = PBXFileReference; lastKnownFileType = text.plist.entitlements; path = Cinemix.entitlements; sourceTree = "<group>"; };
		A293EE852B43AC8600B606D7 /* Preview Assets.xcassets */ = {isa = PBXFileReference; lastKnownFileType = folder.assetcatalog; path = "Preview Assets.xcassets"; sourceTree = "<group>"; };
		A293EE8B2B43AC8700B606D7 /* CinemixTests.xctest */ = {isa = PBXFileReference; explicitFileType = wrapper.cfbundle; includeInIndex = 0; path = CinemixTests.xctest; sourceTree = BUILT_PRODUCTS_DIR; };
		A293EE8F2B43AC8700B606D7 /* CinemixTests.swift */ = {isa = PBXFileReference; lastKnownFileType = sourcecode.swift; path = CinemixTests.swift; sourceTree = "<group>"; };
		A293EE952B43AC8700B606D7 /* CinemixUITests.xctest */ = {isa = PBXFileReference; explicitFileType = wrapper.cfbundle; includeInIndex = 0; path = CinemixUITests.xctest; sourceTree = BUILT_PRODUCTS_DIR; };
		A293EE992B43AC8700B606D7 /* CinemixUITests.swift */ = {isa = PBXFileReference; lastKnownFileType = sourcecode.swift; path = CinemixUITests.swift; sourceTree = "<group>"; };
		A293EE9B2B43AC8700B606D7 /* CinemixUITestsLaunchTests.swift */ = {isa = PBXFileReference; lastKnownFileType = sourcecode.swift; path = CinemixUITestsLaunchTests.swift; sourceTree = "<group>"; };
/* End PBXFileReference section */

/* Begin PBXFrameworksBuildPhase section */
		A293EE722B43AC8400B606D7 /* Frameworks */ = {
			isa = PBXFrameworksBuildPhase;
			buildActionMask = 2147483647;
			files = (
			);
			runOnlyForDeploymentPostprocessing = 0;
		};
		A293EE882B43AC8700B606D7 /* Frameworks */ = {
			isa = PBXFrameworksBuildPhase;
			buildActionMask = 2147483647;
			files = (
			);
			runOnlyForDeploymentPostprocessing = 0;
		};
		A293EE922B43AC8700B606D7 /* Frameworks */ = {
			isa = PBXFrameworksBuildPhase;
			buildActionMask = 2147483647;
			files = (
			);
			runOnlyForDeploymentPostprocessing = 0;
		};
/* End PBXFrameworksBuildPhase section */

/* Begin PBXGroup section */
		A293EE6C2B43AC8400B606D7 = {
			isa = PBXGroup;
			children = (
				A293EE772B43AC8400B606D7 /* Cinemix */,
				A293EE8E2B43AC8700B606D7 /* CinemixTests */,
				A293EE982B43AC8700B606D7 /* CinemixUITests */,
				A293EE762B43AC8400B606D7 /* Products */,
			);
			sourceTree = "<group>";
		};
		A293EE762B43AC8400B606D7 /* Products */ = {
			isa = PBXGroup;
			children = (
				A293EE752B43AC8400B606D7 /* Cinemix.app */,
				A293EE8B2B43AC8700B606D7 /* CinemixTests.xctest */,
				A293EE952B43AC8700B606D7 /* CinemixUITests.xctest */,
			);
			name = Products;
			sourceTree = "<group>";
		};
		A293EE772B43AC8400B606D7 /* Cinemix */ = {
			isa = PBXGroup;
			children = (
				A293EE782B43AC8400B606D7 /* CinemixApp.swift */,
				A293EE7A2B43AC8400B606D7 /* Persistence.swift */,
				A293EE7F2B43AC8400B606D7 /* ContentView.swift */,
				A293EE812B43AC8600B606D7 /* Assets.xcassets */,
				A293EE832B43AC8600B606D7 /* Cinemix.entitlements */,
				A293EE7C2B43AC8400B606D7 /* Cinemix.xcdatamodeld */,
				A293EE842B43AC8600B606D7 /* Preview Content */,
			);
			path = Cinemix;
			sourceTree = "<group>";
		};
		A293EE842B43AC8600B606D7 /* Preview Content */ = {
			isa = PBXGroup;
			children = (
				A293EE852B43AC8600B606D7 /* Preview Assets.xcassets */,
			);
			path = "Preview Content";
			sourceTree = "<group>";
		};
		A293EE8E2B43AC8700B606D7 /* CinemixTests */ = {
			isa = PBXGroup;
			children = (
				A293EE8F2B43AC8700B606D7 /* CinemixTests.swift */,
			);
			path = CinemixTests;
			sourceTree = "<group>";
		};
		A293EE982B43AC8700B606D7 /* CinemixUITests */ = {
			isa = PBXGroup;
			children = (
				A293EE992B43AC8700B606D7 /* CinemixUITests.swift */,
				A293EE9B2B43AC8700B606D7 /* CinemixUITestsLaunchTests.swift */,
			);
			path = CinemixUITests;
			sourceTree = "<group>";
		};
/* End PBXGroup section */

/* Begin PBXNativeTarget section */
		A293EE742B43AC8400B606D7 /* Cinemix */ = {
			isa = PBXNativeTarget;
			buildConfigurationList = A293EE9F2B43AC8700B606D7 /* Build configuration list for PBXNativeTarget "Cinemix" */;
			buildPhases = (
				A293EE712B43AC8400B606D7 /* Sources */,
				A293EE722B43AC8400B606D7 /* Frameworks */,
				A293EE732B43AC8400B606D7 /* Resources */,
			);
			buildRules = (
			);
			dependencies = (
			);
			name = Cinemix;
			productName = Cinemix;
			productReference = A293EE752B43AC8400B606D7 /* Cinemix.app */;
			productType = "com.apple.product-type.application";
		};
		A293EE8A2B43AC8700B606D7 /* CinemixTests */ = {
			isa = PBXNativeTarget;
			buildConfigurationList = A293EEA22B43AC8700B606D7 /* Build configuration list for PBXNativeTarget "CinemixTests" */;
			buildPhases = (
				A293EE872B43AC8700B606D7 /* Sources */,
				A293EE882B43AC8700B606D7 /* Frameworks */,
				A293EE892B43AC8700B606D7 /* Resources */,
			);
			buildRules = (
			);
			dependencies = (
				A293EE8D2B43AC8700B606D7 /* PBXTargetDependency */,
			);
			name = CinemixTests;
			productName = CinemixTests;
			productReference = A293EE8B2B43AC8700B606D7 /* CinemixTests.xctest */;
			productType = "com.apple.product-type.bundle.unit-test";
		};
		A293EE942B43AC8700B606D7 /* CinemixUITests */ = {
			isa = PBXNativeTarget;
			buildConfigurationList = A293EEA52B43AC8700B606D7 /* Build configuration list for PBXNativeTarget "CinemixUITests" */;
			buildPhases = (
				A293EE912B43AC8700B606D7 /* Sources */,
				A293EE922B43AC8700B606D7 /* Frameworks */,
				A293EE932B43AC8700B606D7 /* Resources */,
			);
			buildRules = (
			);
			dependencies = (
				A293EE972B43AC8700B606D7 /* PBXTargetDependency */,
			);
			name = CinemixUITests;
			productName = CinemixUITests;
			productReference = A293EE952B43AC8700B606D7 /* CinemixUITests.xctest */;
			productType = "com.apple.product-type.bundle.ui-testing";
		};
/* End PBXNativeTarget section */

/* Begin PBXProject section */
		A293EE6D2B43AC8400B606D7 /* Project object */ = {
			isa = PBXProject;
			attributes = {
				BuildIndependentTargetsInParallel = 1;
				LastSwiftUpdateCheck = 1510;
				LastUpgradeCheck = 1510;
				TargetAttributes = {
					A293EE742B43AC8400B606D7 = {
						CreatedOnToolsVersion = 15.1;
					};
					A293EE8A2B43AC8700B606D7 = {
						CreatedOnToolsVersion = 15.1;
						TestTargetID = A293EE742B43AC8400B606D7;
					};
					A293EE942B43AC8700B606D7 = {
						CreatedOnToolsVersion = 15.1;
						TestTargetID = A293EE742B43AC8400B606D7;
					};
				};
			};
			buildConfigurationList = A293EE702B43AC8400B606D7 /* Build configuration list for PBXProject "Cinemix" */;
			compatibilityVersion = "Xcode 14.0";
			developmentRegion = en;
			hasScannedForEncodings = 0;
			knownRegions = (
				en,
				Base,
			);
			mainGroup = A293EE6C2B43AC8400B606D7;
			productRefGroup = A293EE762B43AC8400B606D7 /* Products */;
			projectDirPath = "";
			projectRoot = "";
			targets = (
				A293EE742B43AC8400B606D7 /* Cinemix */,
				A293EE8A2B43AC8700B606D7 /* CinemixTests */,
				A293EE942B43AC8700B606D7 /* CinemixUITests */,
			);
		};
/* End PBXProject section */

/* Begin PBXResourcesBuildPhase section */
		A293EE732B43AC8400B606D7 /* Resources */ = {
			isa = PBXResourcesBuildPhase;
			buildActionMask = 2147483647;
			files = (
				A293EE862B43AC8600B606D7 /* Preview Assets.xcassets in Resources */,
				A293EE822B43AC8600B606D7 /* Assets.xcassets in Resources */,
			);
			runOnlyForDeploymentPostprocessing = 0;
		};
		A293EE892B43AC8700B606D7 /* Resources */ = {
			isa = PBXResourcesBuildPhase;
			buildActionMask = 2147483647;
			files = (
			);
			runOnlyForDeploymentPostprocessing = 0;
		};
		A293EE932B43AC8700B606D7 /* Resources */ = {
			isa = PBXResourcesBuildPhase;
			buildActionMask = 2147483647;
			files = (
			);
			runOnlyForDeploymentPostprocessing = 0;
		};
/* End PBXResourcesBuildPhase section */

/* Begin PBXSourcesBuildPhase section */
		A293EE712B43AC8400B606D7 /* Sources */ = {
			isa = PBXSourcesBuildPhase;
			buildActionMask = 2147483647;
			files = (
				A293EE792B43AC8400B606D7 /* CinemixApp.swift in Sources */,
				A293EE7B2B43AC8400B606D7 /* Persistence.swift in Sources */,
				A293EE802B43AC8400B606D7 /* ContentView.swift in Sources */,
				A293EE7E2B43AC8400B606D7 /* Cinemix.xcdatamodeld in Sources */,
			);
			runOnlyForDeploymentPostprocessing = 0;
		};
		A293EE872B43AC8700B606D7 /* Sources */ = {
			isa = PBXSourcesBuildPhase;
			buildActionMask = 2147483647;
			files = (
				A293EE902B43AC8700B606D7 /* CinemixTests.swift in Sources */,
			);
			runOnlyForDeploymentPostprocessing = 0;
		};
		A293EE912B43AC8700B606D7 /* Sources */ = {
			isa = PBXSourcesBuildPhase;
			buildActionMask = 2147483647;
			files = (
				A293EE9C2B43AC8700B606D7 /* CinemixUITestsLaunchTests.swift in Sources */,
				A293EE9A2B43AC8700B606D7 /* CinemixUITests.swift in Sources */,
			);
			runOnlyForDeploymentPostprocessing = 0;
		};
/* End PBXSourcesBuildPhase section */

/* Begin PBXTargetDependency section */
		A293EE8D2B43AC8700B606D7 /* PBXTargetDependency */ = {
			isa = PBXTargetDependency;
			target = A293EE742B43AC8400B606D7 /* Cinemix */;
			targetProxy = A293EE8C2B43AC8700B606D7 /* PBXContainerItemProxy */;
		};
		A293EE972B43AC8700B606D7 /* PBXTargetDependency */ = {
			isa = PBXTargetDependency;
			target = A293EE742B43AC8400B606D7 /* Cinemix */;
			targetProxy = A293EE962B43AC8700B606D7 /* PBXContainerItemProxy */;
		};
/* End PBXTargetDependency section */

/* Begin XCBuildConfiguration section */
		A293EE9D2B43AC8700B606D7 /* Debug */ = {
			isa = XCBuildConfiguration;
			buildSettings = {
				ALWAYS_SEARCH_USER_PATHS = NO;
				ASSETCATALOG_COMPILER_GENERATE_SWIFT_ASSET_SYMBOL_EXTENSIONS = YES;
				CLANG_ANALYZER_NONNULL = YES;
				CLANG_ANALYZER_NUMBER_OBJECT_CONVERSION = YES_AGGRESSIVE;
				CLANG_CXX_LANGUAGE_STANDARD = "gnu++20";
				CLANG_ENABLE_MODULES = YES;
				CLANG_ENABLE_OBJC_ARC = YES;
				CLANG_ENABLE_OBJC_WEAK = YES;
				CLANG_WARN_BLOCK_CAPTURE_AUTORELEASING = YES;
				CLANG_WARN_BOOL_CONVERSION = YES;
				CLANG_WARN_COMMA = YES;
				CLANG_WARN_CONSTANT_CONVERSION = YES;
				CLANG_WARN_DEPRECATED_OBJC_IMPLEMENTATIONS = YES;
				CLANG_WARN_DIRECT_OBJC_ISA_USAGE = YES_ERROR;
				CLANG_WARN_DOCUMENTATION_COMMENTS = YES;
				CLANG_WARN_EMPTY_BODY = YES;
				CLANG_WARN_ENUM_CONVERSION = YES;
				CLANG_WARN_INFINITE_RECURSION = YES;
				CLANG_WARN_INT_CONVERSION = YES;
				CLANG_WARN_NON_LITERAL_NULL_CONVERSION = YES;
				CLANG_WARN_OBJC_IMPLICIT_RETAIN_SELF = YES;
				CLANG_WARN_OBJC_LITERAL_CONVERSION = YES;
				CLANG_WARN_OBJC_ROOT_CLASS = YES_ERROR;
				CLANG_WARN_QUOTED_INCLUDE_IN_FRAMEWORK_HEADER = YES;
				CLANG_WARN_RANGE_LOOP_ANALYSIS = YES;
				CLANG_WARN_STRICT_PROTOTYPES = YES;
				CLANG_WARN_SUSPICIOUS_MOVE = YES;
				CLANG_WARN_UNGUARDED_AVAILABILITY = YES_AGGRESSIVE;
				CLANG_WARN_UNREACHABLE_CODE = YES;
				CLANG_WARN__DUPLICATE_METHOD_MATCH = YES;
				COPY_PHASE_STRIP = NO;
				DEBUG_INFORMATION_FORMAT = dwarf;
				ENABLE_STRICT_OBJC_MSGSEND = YES;
				ENABLE_TESTABILITY = YES;
				ENABLE_USER_SCRIPT_SANDBOXING = YES;
				GCC_C_LANGUAGE_STANDARD = gnu17;
				GCC_DYNAMIC_NO_PIC = NO;
				GCC_NO_COMMON_BLOCKS = YES;
				GCC_OPTIMIZATION_LEVEL = 0;
				GCC_PREPROCESSOR_DEFINITIONS = (
					"DEBUG=1",
					"$(inherited)",
				);
				GCC_WARN_64_TO_32_BIT_CONVERSION = YES;
				GCC_WARN_ABOUT_RETURN_TYPE = YES_ERROR;
				GCC_WARN_UNDECLARED_SELECTOR = YES;
				GCC_WARN_UNINITIALIZED_AUTOS = YES_AGGRESSIVE;
				GCC_WARN_UNUSED_FUNCTION = YES;
				GCC_WARN_UNUSED_VARIABLE = YES;
				LOCALIZATION_PREFERS_STRING_CATALOGS = YES;
				MTL_ENABLE_DEBUG_INFO = INCLUDE_SOURCE;
				MTL_FAST_MATH = YES;
				ONLY_ACTIVE_ARCH = YES;
				SWIFT_ACTIVE_COMPILATION_CONDITIONS = "DEBUG $(inherited)";
				SWIFT_OPTIMIZATION_LEVEL = "-Onone";
			};
			name = Debug;
		};
		A293EE9E2B43AC8700B606D7 /* Release */ = {
			isa = XCBuildConfiguration;
			buildSettings = {
				ALWAYS_SEARCH_USER_PATHS = NO;
				ASSETCATALOG_COMPILER_GENERATE_SWIFT_ASSET_SYMBOL_EXTENSIONS = YES;
				CLANG_ANALYZER_NONNULL = YES;
				CLANG_ANALYZER_NUMBER_OBJECT_CONVERSION = YES_AGGRESSIVE;
				CLANG_CXX_LANGUAGE_STANDARD = "gnu++20";
				CLANG_ENABLE_MODULES = YES;
				CLANG_ENABLE_OBJC_ARC = YES;
				CLANG_ENABLE_OBJC_WEAK = YES;
				CLANG_WARN_BLOCK_CAPTURE_AUTORELEASING = YES;
				CLANG_WARN_BOOL_CONVERSION = YES;
				CLANG_WARN_COMMA = YES;
				CLANG_WARN_CONSTANT_CONVERSION = YES;
				CLANG_WARN_DEPRECATED_OBJC_IMPLEMENTATIONS = YES;
				CLANG_WARN_DIRECT_OBJC_ISA_USAGE = YES_ERROR;
				CLANG_WARN_DOCUMENTATION_COMMENTS = YES;
				CLANG_WARN_EMPTY_BODY = YES;
				CLANG_WARN_ENUM_CONVERSION = YES;
				CLANG_WARN_INFINITE_RECURSION = YES;
				CLANG_WARN_INT_CONVERSION = YES;
				CLANG_WARN_NON_LITERAL_NULL_CONVERSION = YES;
				CLANG_WARN_OBJC_IMPLICIT_RETAIN_SELF = YES;
				CLANG_WARN_OBJC_LITERAL_CONVERSION = YES;
				CLANG_WARN_OBJC_ROOT_CLASS = YES_ERROR;
				CLANG_WARN_QUOTED_INCLUDE_IN_FRAMEWORK_HEADER = YES;
				CLANG_WARN_RANGE_LOOP_ANALYSIS = YES;
				CLANG_WARN_STRICT_PROTOTYPES = YES;
				CLANG_WARN_SUSPICIOUS_MOVE = YES;
				CLANG_WARN_UNGUARDED_AVAILABILITY = YES_AGGRESSIVE;
				CLANG_WARN_UNREACHABLE_CODE = YES;
				CLANG_WARN__DUPLICATE_METHOD_MATCH = YES;
				COPY_PHASE_STRIP = NO;
				DEBUG_INFORMATION_FORMAT = "dwarf-with-dsym";
				ENABLE_NS_ASSERTIONS = NO;
				ENABLE_STRICT_OBJC_MSGSEND = YES;
				ENABLE_USER_SCRIPT_SANDBOXING = YES;
				GCC_C_LANGUAGE_STANDARD = gnu17;
				GCC_NO_COMMON_BLOCKS = YES;
				GCC_WARN_64_TO_32_BIT_CONVERSION = YES;
				GCC_WARN_ABOUT_RETURN_TYPE = YES_ERROR;
				GCC_WARN_UNDECLARED_SELECTOR = YES;
				GCC_WARN_UNINITIALIZED_AUTOS = YES_AGGRESSIVE;
				GCC_WARN_UNUSED_FUNCTION = YES;
				GCC_WARN_UNUSED_VARIABLE = YES;
				LOCALIZATION_PREFERS_STRING_CATALOGS = YES;
				MTL_ENABLE_DEBUG_INFO = NO;
				MTL_FAST_MATH = YES;
				SWIFT_COMPILATION_MODE = wholemodule;
			};
			name = Release;
		};
		A293EEA02B43AC8700B606D7 /* Debug */ = {
			isa = XCBuildConfiguration;
			buildSettings = {
				ASSETCATALOG_COMPILER_APPICON_NAME = AppIcon;
				ASSETCATALOG_COMPILER_GLOBAL_ACCENT_COLOR_NAME = AccentColor;
				CODE_SIGN_ENTITLEMENTS = Cinemix/Cinemix.entitlements;
				CODE_SIGN_STYLE = Automatic;
				CURRENT_PROJECT_VERSION = 1;
				DEVELOPMENT_ASSET_PATHS = "\"Cinemix/Preview Content\"";
				DEVELOPMENT_TEAM = AJ6UG629X6;
				ENABLE_HARDENED_RUNTIME = YES;
				ENABLE_PREVIEWS = YES;
				GENERATE_INFOPLIST_FILE = YES;
				"INFOPLIST_KEY_UIApplicationSceneManifest_Generation[sdk=iphoneos*]" = YES;
				"INFOPLIST_KEY_UIApplicationSceneManifest_Generation[sdk=iphonesimulator*]" = YES;
				"INFOPLIST_KEY_UIApplicationSupportsIndirectInputEvents[sdk=iphoneos*]" = YES;
				"INFOPLIST_KEY_UIApplicationSupportsIndirectInputEvents[sdk=iphonesimulator*]" = YES;
				"INFOPLIST_KEY_UILaunchScreen_Generation[sdk=iphoneos*]" = YES;
				"INFOPLIST_KEY_UILaunchScreen_Generation[sdk=iphonesimulator*]" = YES;
				"INFOPLIST_KEY_UIStatusBarStyle[sdk=iphoneos*]" = UIStatusBarStyleDefault;
				"INFOPLIST_KEY_UIStatusBarStyle[sdk=iphonesimulator*]" = UIStatusBarStyleDefault;
				INFOPLIST_KEY_UISupportedInterfaceOrientations_iPad = "UIInterfaceOrientationPortrait UIInterfaceOrientationPortraitUpsideDown UIInterfaceOrientationLandscapeLeft UIInterfaceOrientationLandscapeRight";
				INFOPLIST_KEY_UISupportedInterfaceOrientations_iPhone = "UIInterfaceOrientationPortrait UIInterfaceOrientationLandscapeLeft UIInterfaceOrientationLandscapeRight";
				IPHONEOS_DEPLOYMENT_TARGET = 17.2;
				LD_RUNPATH_SEARCH_PATHS = "@executable_path/Frameworks";
				"LD_RUNPATH_SEARCH_PATHS[sdk=macosx*]" = "@executable_path/../Frameworks";
				MACOSX_DEPLOYMENT_TARGET = 14.2;
				MARKETING_VERSION = 1.0;
				PRODUCT_BUNDLE_IDENTIFIER = com.singhinamerica.Cinemix;
				PRODUCT_NAME = "$(TARGET_NAME)";
				SDKROOT = auto;
				SUPPORTED_PLATFORMS = "iphoneos iphonesimulator macosx";
				SWIFT_EMIT_LOC_STRINGS = YES;
				SWIFT_VERSION = 5.0;
				TARGETED_DEVICE_FAMILY = "1,2";
			};
			name = Debug;
		};
		A293EEA12B43AC8700B606D7 /* Release */ = {
			isa = XCBuildConfiguration;
			buildSettings = {
				ASSETCATALOG_COMPILER_APPICON_NAME = AppIcon;
				ASSETCATALOG_COMPILER_GLOBAL_ACCENT_COLOR_NAME = AccentColor;
				CODE_SIGN_ENTITLEMENTS = Cinemix/Cinemix.entitlements;
				CODE_SIGN_STYLE = Automatic;
				CURRENT_PROJECT_VERSION = 1;
				DEVELOPMENT_ASSET_PATHS = "\"Cinemix/Preview Content\"";
				DEVELOPMENT_TEAM = AJ6UG629X6;
				ENABLE_HARDENED_RUNTIME = YES;
				ENABLE_PREVIEWS = YES;
				GENERATE_INFOPLIST_FILE = YES;
				"INFOPLIST_KEY_UIApplicationSceneManifest_Generation[sdk=iphoneos*]" = YES;
				"INFOPLIST_KEY_UIApplicationSceneManifest_Generation[sdk=iphonesimulator*]" = YES;
				"INFOPLIST_KEY_UIApplicationSupportsIndirectInputEvents[sdk=iphoneos*]" = YES;
				"INFOPLIST_KEY_UIApplicationSupportsIndirectInputEvents[sdk=iphonesimulator*]" = YES;
				"INFOPLIST_KEY_UILaunchScreen_Generation[sdk=iphoneos*]" = YES;
				"INFOPLIST_KEY_UILaunchScreen_Generation[sdk=iphonesimulator*]" = YES;
				"INFOPLIST_KEY_UIStatusBarStyle[sdk=iphoneos*]" = UIStatusBarStyleDefault;
				"INFOPLIST_KEY_UIStatusBarStyle[sdk=iphonesimulator*]" = UIStatusBarStyleDefault;
				INFOPLIST_KEY_UISupportedInterfaceOrientations_iPad = "UIInterfaceOrientationPortrait UIInterfaceOrientationPortraitUpsideDown UIInterfaceOrientationLandscapeLeft UIInterfaceOrientationLandscapeRight";
				INFOPLIST_KEY_UISupportedInterfaceOrientations_iPhone = "UIInterfaceOrientationPortrait UIInterfaceOrientationLandscapeLeft UIInterfaceOrientationLandscapeRight";
				IPHONEOS_DEPLOYMENT_TARGET = 17.2;
				LD_RUNPATH_SEARCH_PATHS = "@executable_path/Frameworks";
				"LD_RUNPATH_SEARCH_PATHS[sdk=macosx*]" = "@executable_path/../Frameworks";
				MACOSX_DEPLOYMENT_TARGET = 14.2;
				MARKETING_VERSION = 1.0;
				PRODUCT_BUNDLE_IDENTIFIER = com.singhinamerica.Cinemix;
				PRODUCT_NAME = "$(TARGET_NAME)";
				SDKROOT = auto;
				SUPPORTED_PLATFORMS = "iphoneos iphonesimulator macosx";
				SWIFT_EMIT_LOC_STRINGS = YES;
				SWIFT_VERSION = 5.0;
				TARGETED_DEVICE_FAMILY = "1,2";
			};
			name = Release;
		};
		A293EEA32B43AC8700B606D7 /* Debug */ = {
			isa = XCBuildConfiguration;
			buildSettings = {
				ALWAYS_EMBED_SWIFT_STANDARD_LIBRARIES = YES;
				BUNDLE_LOADER = "$(TEST_HOST)";
				CODE_SIGN_STYLE = Automatic;
				CURRENT_PROJECT_VERSION = 1;
				DEVELOPMENT_TEAM = AJ6UG629X6;
				GENERATE_INFOPLIST_FILE = YES;
				IPHONEOS_DEPLOYMENT_TARGET = 17.2;
				MACOSX_DEPLOYMENT_TARGET = 14.2;
				MARKETING_VERSION = 1.0;
				PRODUCT_BUNDLE_IDENTIFIER = com.singhinamerica.CinemixTests;
				PRODUCT_NAME = "$(TARGET_NAME)";
				SDKROOT = auto;
				SUPPORTED_PLATFORMS = "iphoneos iphonesimulator macosx";
				SWIFT_EMIT_LOC_STRINGS = NO;
				SWIFT_VERSION = 5.0;
				TARGETED_DEVICE_FAMILY = "1,2";
				TEST_HOST = "$(BUILT_PRODUCTS_DIR)/Cinemix.app/$(BUNDLE_EXECUTABLE_FOLDER_PATH)/Cinemix";
			};
			name = Debug;
		};
		A293EEA42B43AC8700B606D7 /* Release */ = {
			isa = XCBuildConfiguration;
			buildSettings = {
				ALWAYS_EMBED_SWIFT_STANDARD_LIBRARIES = YES;
				BUNDLE_LOADER = "$(TEST_HOST)";
				CODE_SIGN_STYLE = Automatic;
				CURRENT_PROJECT_VERSION = 1;
				DEVELOPMENT_TEAM = AJ6UG629X6;
				GENERATE_INFOPLIST_FILE = YES;
				IPHONEOS_DEPLOYMENT_TARGET = 17.2;
				MACOSX_DEPLOYMENT_TARGET = 14.2;
				MARKETING_VERSION = 1.0;
				PRODUCT_BUNDLE_IDENTIFIER = com.singhinamerica.CinemixTests;
				PRODUCT_NAME = "$(TARGET_NAME)";
				SDKROOT = auto;
				SUPPORTED_PLATFORMS = "iphoneos iphonesimulator macosx";
				SWIFT_EMIT_LOC_STRINGS = NO;
				SWIFT_VERSION = 5.0;
				TARGETED_DEVICE_FAMILY = "1,2";
				TEST_HOST = "$(BUILT_PRODUCTS_DIR)/Cinemix.app/$(BUNDLE_EXECUTABLE_FOLDER_PATH)/Cinemix";
			};
			name = Release;
		};
		A293EEA62B43AC8700B606D7 /* Debug */ = {
			isa = XCBuildConfiguration;
			buildSettings = {
				ALWAYS_EMBED_SWIFT_STANDARD_LIBRARIES = YES;
				CODE_SIGN_STYLE = Automatic;
				CURRENT_PROJECT_VERSION = 1;
				DEVELOPMENT_TEAM = AJ6UG629X6;
				GENERATE_INFOPLIST_FILE = YES;
				IPHONEOS_DEPLOYMENT_TARGET = 17.2;
				MACOSX_DEPLOYMENT_TARGET = 14.2;
				MARKETING_VERSION = 1.0;
				PRODUCT_BUNDLE_IDENTIFIER = com.singhinamerica.CinemixUITests;
				PRODUCT_NAME = "$(TARGET_NAME)";
				SDKROOT = auto;
				SUPPORTED_PLATFORMS = "iphoneos iphonesimulator macosx";
				SWIFT_EMIT_LOC_STRINGS = NO;
				SWIFT_VERSION = 5.0;
				TARGETED_DEVICE_FAMILY = "1,2";
				TEST_TARGET_NAME = Cinemix;
			};
			name = Debug;
		};
		A293EEA72B43AC8700B606D7 /* Release */ = {
			isa = XCBuildConfiguration;
			buildSettings = {
				ALWAYS_EMBED_SWIFT_STANDARD_LIBRARIES = YES;
				CODE_SIGN_STYLE = Automatic;
				CURRENT_PROJECT_VERSION = 1;
				DEVELOPMENT_TEAM = AJ6UG629X6;
				GENERATE_INFOPLIST_FILE = YES;
				IPHONEOS_DEPLOYMENT_TARGET = 17.2;
				MACOSX_DEPLOYMENT_TARGET = 14.2;
				MARKETING_VERSION = 1.0;
				PRODUCT_BUNDLE_IDENTIFIER = com.singhinamerica.CinemixUITests;
				PRODUCT_NAME = "$(TARGET_NAME)";
				SDKROOT = auto;
				SUPPORTED_PLATFORMS = "iphoneos iphonesimulator macosx";
				SWIFT_EMIT_LOC_STRINGS = NO;
				SWIFT_VERSION = 5.0;
				TARGETED_DEVICE_FAMILY = "1,2";
				TEST_TARGET_NAME = Cinemix;
			};
			name = Release;
		};
/* End XCBuildConfiguration section */

/* Begin XCConfigurationList section */
		A293EE702B43AC8400B606D7 /* Build configuration list for PBXProject "Cinemix" */ = {
			isa = XCConfigurationList;
			buildConfigurations = (
				A293EE9D2B43AC8700B606D7 /* Debug */,
				A293EE9E2B43AC8700B606D7 /* Release */,
			);
			defaultConfigurationIsVisible = 0;
			defaultConfigurationName = Release;
		};
		A293EE9F2B43AC8700B606D7 /* Build configuration list for PBXNativeTarget "Cinemix" */ = {
			isa = XCConfigurationList;
			buildConfigurations = (
				A293EEA02B43AC8700B606D7 /* Debug */,
				A293EEA12B43AC8700B606D7 /* Release */,
			);
			defaultConfigurationIsVisible = 0;
			defaultConfigurationName = Release;
		};
		A293EEA22B43AC8700B606D7 /* Build configuration list for PBXNativeTarget "CinemixTests" */ = {
			isa = XCConfigurationList;
			buildConfigurations = (
				A293EEA32B43AC8700B606D7 /* Debug */,
				A293EEA42B43AC8700B606D7 /* Release */,
			);
			defaultConfigurationIsVisible = 0;
			defaultConfigurationName = Release;
		};
		A293EEA52B43AC8700B606D7 /* Build configuration list for PBXNativeTarget "CinemixUITests" */ = {
			isa = XCConfigurationList;
			buildConfigurations = (
				A293EEA62B43AC8700B606D7 /* Debug */,
				A293EEA72B43AC8700B606D7 /* Release */,
			);
			defaultConfigurationIsVisible = 0;
			defaultConfigurationName = Release;
		};
/* End XCConfigurationList section */

/* Begin XCVersionGroup section */
		A293EE7C2B43AC8400B606D7 /* Cinemix.xcdatamodeld */ = {
			isa = XCVersionGroup;
			children = (
				A293EE7D2B43AC8400B606D7 /* Cinemix.xcdatamodel */,
			);
			currentVersion = A293EE7D2B43AC8400B606D7 /* Cinemix.xcdatamodel */;
			path = Cinemix.xcdatamodeld;
			sourceTree = "<group>";
			versionGroupType = wrapper.xcdatamodel;
		};
/* End XCVersionGroup section */
	};
	rootObject = A293EE6D2B43AC8400B606D7 /* Project object */;
}
