// !$*UTF8*$!
{
	archiveVersion = 1;
	classes = {
	};
	objectVersion = 56;
	objects = {

/* Begin PBXBuildFile section */
		A21EAED12B44B02C00DA990A /* MusicListIntent.swift in Sources */ = {isa = PBXBuildFile; fileRef = A21EAED02B44B02C00DA990A /* MusicListIntent.swift */; };
		A21EAED32B44B19A00DA990A /* LazyImageIntent.swift in Sources */ = {isa = PBXBuildFile; fileRef = A21EAED22B44B19A00DA990A /* LazyImageIntent.swift */; };
		A21EAED62B44BA1800DA990A /* BookmarkIntent.swift in Sources */ = {isa = PBXBuildFile; fileRef = A21EAED52B44BA1800DA990A /* BookmarkIntent.swift */; };
		A21EAED82B44BC3900DA990A /* MediaManager.swift in Sources */ = {isa = PBXBuildFile; fileRef = A21EAED72B44BC3900DA990A /* MediaManager.swift */; };
		A2498C232B43B4C50088532C /* Component.swift in Sources */ = {isa = PBXBuildFile; fileRef = A2498C222B43B4C50088532C /* Component.swift */; };
		A2498C262B43B54F0088532C /* Bookmark+CoreDataClass.swift in Sources */ = {isa = PBXBuildFile; fileRef = A2498C242B43B54F0088532C /* Bookmark+CoreDataClass.swift */; };
		A2498C272B43B54F0088532C /* Bookmark+CoreDataProperties.swift in Sources */ = {isa = PBXBuildFile; fileRef = A2498C252B43B54F0088532C /* Bookmark+CoreDataProperties.swift */; };
		A2498C2A2B43B6430088532C /* SearchMusicIntent.swift in Sources */ = {isa = PBXBuildFile; fileRef = A2498C292B43B6430088532C /* SearchMusicIntent.swift */; };
		A24FD3E62B43BB800084940B /* MusicDetailView.swift in Sources */ = {isa = PBXBuildFile; fileRef = A24FD3E52B43BB800084940B /* MusicDetailView.swift */; };
		A293EE792B43AC8400B606D7 /* CinemixApp.swift in Sources */ = {isa = PBXBuildFile; fileRef = A293EE782B43AC8400B606D7 /* CinemixApp.swift */; };
		A293EE7E2B43AC8400B606D7 /* Cinemix.xcdatamodeld in Sources */ = {isa = PBXBuildFile; fileRef = A293EE7C2B43AC8400B606D7 /* Cinemix.xcdatamodeld */; };
		A293EE822B43AC8600B606D7 /* Assets.xcassets in Resources */ = {isa = PBXBuildFile; fileRef = A293EE812B43AC8600B606D7 /* Assets.xcassets */; };
		A293EE862B43AC8600B606D7 /* Preview Assets.xcassets in Resources */ = {isa = PBXBuildFile; fileRef = A293EE852B43AC8600B606D7 /* Preview Assets.xcassets */; };
		A293EE902B43AC8700B606D7 /* CinemixTests.swift in Sources */ = {isa = PBXBuildFile; fileRef = A293EE8F2B43AC8700B606D7 /* CinemixTests.swift */; };
		A293EE9A2B43AC8700B606D7 /* CinemixUITests.swift in Sources */ = {isa = PBXBuildFile; fileRef = A293EE992B43AC8700B606D7 /* CinemixUITests.swift */; };
		A293EE9C2B43AC8700B606D7 /* CinemixUITestsLaunchTests.swift in Sources */ = {isa = PBXBuildFile; fileRef = A293EE9B2B43AC8700B606D7 /* CinemixUITestsLaunchTests.swift */; };
		A293EEAA2B43ACE900B606D7 /* MusicModel.swift in Sources */ = {isa = PBXBuildFile; fileRef = A293EEA92B43ACE900B606D7 /* MusicModel.swift */; };
		A293EEB32B43ADAA00B606D7 /* TabBarView.swift in Sources */ = {isa = PBXBuildFile; fileRef = A293EEB22B43ADAA00B606D7 /* TabBarView.swift */; };
		A293EEB52B43ADF600B606D7 /* Constants.swift in Sources */ = {isa = PBXBuildFile; fileRef = A293EEB42B43ADF600B606D7 /* Constants.swift */; };
		A293EEB72B43AE0700B606D7 /* DataManager.swift in Sources */ = {isa = PBXBuildFile; fileRef = A293EEB62B43AE0700B606D7 /* DataManager.swift */; };
		A293EEBA2B43AE2000B606D7 /* FileManagerClass.swift in Sources */ = {isa = PBXBuildFile; fileRef = A293EEB92B43AE2000B606D7 /* FileManagerClass.swift */; };
		A293EEBC2B43AE3300B606D7 /* Validation.swift in Sources */ = {isa = PBXBuildFile; fileRef = A293EEBB2B43AE3300B606D7 /* Validation.swift */; };
		A293EEBE2B43AE5A00B606D7 /* BookmarkView.swift in Sources */ = {isa = PBXBuildFile; fileRef = A293EEBD2B43AE5A00B606D7 /* BookmarkView.swift */; };
		A293EEC02B43AE6F00B606D7 /* ListView.swift in Sources */ = {isa = PBXBuildFile; fileRef = A293EEBF2B43AE6F00B606D7 /* ListView.swift */; };
		A293EEC22B43AEDF00B606D7 /* MovieModel.swift in Sources */ = {isa = PBXBuildFile; fileRef = A293EEC12B43AEDF00B606D7 /* MovieModel.swift */; };
		A293EEC62B43AF7400B606D7 /* SearchMusicView.swift in Sources */ = {isa = PBXBuildFile; fileRef = A293EEC52B43AF7400B606D7 /* SearchMusicView.swift */; };
		A293EEC82B43AFAE00B606D7 /* APIManager.swift in Sources */ = {isa = PBXBuildFile; fileRef = A293EEC72B43AFAE00B606D7 /* APIManager.swift */; };
		A293EECA2B43AFC100B606D7 /* NetworkManager.swift in Sources */ = {isa = PBXBuildFile; fileRef = A293EEC92B43AFC100B606D7 /* NetworkManager.swift */; };
		A293EECC2B43AFCF00B606D7 /* CacheManager.swift in Sources */ = {isa = PBXBuildFile; fileRef = A293EECB2B43AFCF00B606D7 /* CacheManager.swift */; };
/* End PBXBuildFile section */

/* Begin PBXContainerItemProxy section */
		A293EE8C2B43AC8700B606D7 /* PBXContainerItemProxy */ = {
			isa = PBXContainerItemProxy;
			containerPortal = A293EE6D2B43AC8400B606D7 /* Project object */;
			proxyType = 1;
			remoteGlobalIDString = A293EE742B43AC8400B606D7;
			remoteInfo = Cinemix;
		};
		A293EE962B43AC8700B606D7 /* PBXContainerItemProxy */ = {
			isa = PBXContainerItemProxy;
			containerPortal = A293EE6D2B43AC8400B606D7 /* Project object */;
			proxyType = 1;
			remoteGlobalIDString = A293EE742B43AC8400B606D7;
			remoteInfo = Cinemix;
		};
/* End PBXContainerItemProxy section */

/* Begin PBXFileReference section */
		A21EAED02B44B02C00DA990A /* MusicListIntent.swift */ = {isa = PBXFileReference; lastKnownFileType = sourcecode.swift; path = MusicListIntent.swift; sourceTree = "<group>"; };
		A21EAED22B44B19A00DA990A /* LazyImageIntent.swift */ = {isa = PBXFileReference; lastKnownFileType = sourcecode.swift; path = LazyImageIntent.swift; sourceTree = "<group>"; };
		A21EAED52B44BA1800DA990A /* BookmarkIntent.swift */ = {isa = PBXFileReference; lastKnownFileType = sourcecode.swift; path = BookmarkIntent.swift; sourceTree = "<group>"; };
		A21EAED72B44BC3900DA990A /* MediaManager.swift */ = {isa = PBXFileReference; lastKnownFileType = sourcecode.swift; path = MediaManager.swift; sourceTree = "<group>"; };
		A2498C222B43B4C50088532C /* Component.swift */ = {isa = PBXFileReference; lastKnownFileType = sourcecode.swift; path = Component.swift; sourceTree = "<group>"; };
		A2498C242B43B54F0088532C /* Bookmark+CoreDataClass.swift */ = {isa = PBXFileReference; lastKnownFileType = sourcecode.swift; path = "Bookmark+CoreDataClass.swift"; sourceTree = "<group>"; };
		A2498C252B43B54F0088532C /* Bookmark+CoreDataProperties.swift */ = {isa = PBXFileReference; lastKnownFileType = sourcecode.swift; path = "Bookmark+CoreDataProperties.swift"; sourceTree = "<group>"; };
		A2498C292B43B6430088532C /* SearchMusicIntent.swift */ = {isa = PBXFileReference; lastKnownFileType = sourcecode.swift; path = SearchMusicIntent.swift; sourceTree = "<group>"; };
		A24FD3E52B43BB800084940B /* MusicDetailView.swift */ = {isa = PBXFileReference; lastKnownFileType = sourcecode.swift; path = MusicDetailView.swift; sourceTree = "<group>"; };
		A293EE752B43AC8400B606D7 /* Cinemix.app */ = {isa = PBXFileReference; explicitFileType = wrapper.application; includeInIndex = 0; path = Cinemix.app; sourceTree = BUILT_PRODUCTS_DIR; };
		A293EE782B43AC8400B606D7 /* CinemixApp.swift */ = {isa = PBXFileReference; lastKnownFileType = sourcecode.swift; path = CinemixApp.swift; sourceTree = "<group>"; };
		A293EE7D2B43AC8400B606D7 /* Cinemix.xcdatamodel */ = {isa = PBXFileReference; lastKnownFileType = wrapper.xcdatamodel; path = Cinemix.xcdatamodel; sourceTree = "<group>"; };
		A293EE812B43AC8600B606D7 /* Assets.xcassets */ = {isa = PBXFileReference; lastKnownFileType = folder.assetcatalog; path = Assets.xcassets; sourceTree = "<group>"; };
		A293EE832B43AC8600B606D7 /* Cinemix.entitlements */ = {isa = PBXFileReference; lastKnownFileType = text.plist.entitlements; path = Cinemix.entitlements; sourceTree = "<group>"; };
		A293EE852B43AC8600B606D7 /* Preview Assets.xcassets */ = {isa = PBXFileReference; lastKnownFileType = folder.assetcatalog; path = "Preview Assets.xcassets"; sourceTree = "<group>"; };
		A293EE8B2B43AC8700B606D7 /* CinemixTests.xctest */ = {isa = PBXFileReference; explicitFileType = wrapper.cfbundle; includeInIndex = 0; path = CinemixTests.xctest; sourceTree = BUILT_PRODUCTS_DIR; };
		A293EE8F2B43AC8700B606D7 /* CinemixTests.swift */ = {isa = PBXFileReference; lastKnownFileType = sourcecode.swift; path = CinemixTests.swift; sourceTree = "<group>"; };
		A293EE952B43AC8700B606D7 /* CinemixUITests.xctest */ = {isa = PBXFileReference; explicitFileType = wrapper.cfbundle; includeInIndex = 0; path = CinemixUITests.xctest; sourceTree = BUILT_PRODUCTS_DIR; };
		A293EE992B43AC8700B606D7 /* CinemixUITests.swift */ = {isa = PBXFileReference; lastKnownFileType = sourcecode.swift; path = CinemixUITests.swift; sourceTree = "<group>"; };
		A293EE9B2B43AC8700B606D7 /* CinemixUITestsLaunchTests.swift */ = {isa = PBXFileReference; lastKnownFileType = sourcecode.swift; path = CinemixUITestsLaunchTests.swift; sourceTree = "<group>"; };
		A293EEA92B43ACE900B606D7 /* MusicModel.swift */ = {isa = PBXFileReference; lastKnownFileType = sourcecode.swift; path = MusicModel.swift; sourceTree = "<group>"; };
		A293EEB22B43ADAA00B606D7 /* TabBarView.swift */ = {isa = PBXFileReference; lastKnownFileType = sourcecode.swift; path = TabBarView.swift; sourceTree = "<group>"; };
		A293EEB42B43ADF600B606D7 /* Constants.swift */ = {isa = PBXFileReference; lastKnownFileType = sourcecode.swift; path = Constants.swift; sourceTree = "<group>"; };
		A293EEB62B43AE0700B606D7 /* DataManager.swift */ = {isa = PBXFileReference; lastKnownFileType = sourcecode.swift; path = DataManager.swift; sourceTree = "<group>"; };
		A293EEB92B43AE2000B606D7 /* FileManagerClass.swift */ = {isa = PBXFileReference; lastKnownFileType = sourcecode.swift; path = FileManagerClass.swift; sourceTree = "<group>"; };
		A293EEBB2B43AE3300B606D7 /* Validation.swift */ = {isa = PBXFileReference; lastKnownFileType = sourcecode.swift; path = Validation.swift; sourceTree = "<group>"; };
		A293EEBD2B43AE5A00B606D7 /* BookmarkView.swift */ = {isa = PBXFileReference; lastKnownFileType = sourcecode.swift; path = BookmarkView.swift; sourceTree = "<group>"; };
		A293EEBF2B43AE6F00B606D7 /* ListView.swift */ = {isa = PBXFileReference; lastKnownFileType = sourcecode.swift; path = ListView.swift; sourceTree = "<group>"; };
		A293EEC12B43AEDF00B606D7 /* MovieModel.swift */ = {isa = PBXFileReference; lastKnownFileType = sourcecode.swift; path = MovieModel.swift; sourceTree = "<group>"; };
		A293EEC52B43AF7400B606D7 /* SearchMusicView.swift */ = {isa = PBXFileReference; lastKnownFileType = sourcecode.swift; path = SearchMusicView.swift; sourceTree = "<group>"; };
		A293EEC72B43AFAE00B606D7 /* APIManager.swift */ = {isa = PBXFileReference; lastKnownFileType = sourcecode.swift; path = APIManager.swift; sourceTree = "<group>"; };
		A293EEC92B43AFC100B606D7 /* NetworkManager.swift */ = {isa = PBXFileReference; lastKnownFileType = sourcecode.swift; path = NetworkManager.swift; sourceTree = "<group>"; };
		A293EECB2B43AFCF00B606D7 /* CacheManager.swift */ = {isa = PBXFileReference; lastKnownFileType = sourcecode.swift; path = CacheManager.swift; sourceTree = "<group>"; };
		A293EECD2B43B13800B606D7 /* Info.plist */ = {isa = PBXFileReference; lastKnownFileType = text.plist; path = Info.plist; sourceTree = "<group>"; };
/* End PBXFileReference section */

/* Begin PBXFrameworksBuildPhase section */
		A293EE722B43AC8400B606D7 /* Frameworks */ = {
			isa = PBXFrameworksBuildPhase;
			buildActionMask = 2147483647;
			files = (
			);
			runOnlyForDeploymentPostprocessing = 0;
		};
		A293EE882B43AC8700B606D7 /* Frameworks */ = {
			isa = PBXFrameworksBuildPhase;
			buildActionMask = 2147483647;
			files = (
			);
			runOnlyForDeploymentPostprocessing = 0;
		};
		A293EE922B43AC8700B606D7 /* Frameworks */ = {
			isa = PBXFrameworksBuildPhase;
			buildActionMask = 2147483647;
			files = (
			);
			runOnlyForDeploymentPostprocessing = 0;
		};
/* End PBXFrameworksBuildPhase section */

/* Begin PBXGroup section */
		A2498C282B43B55D0088532C /* DataModel */ = {
			isa = PBXGroup;
			children = (
				A2498C242B43B54F0088532C /* Bookmark+CoreDataClass.swift */,
				A2498C252B43B54F0088532C /* Bookmark+CoreDataProperties.swift */,
			);
			path = DataModel;
			sourceTree = "<group>";
		};
		A293EE6C2B43AC8400B606D7 = {
			isa = PBXGroup;
			children = (
				A293EE772B43AC8400B606D7 /* Cinemix */,
				A293EE8E2B43AC8700B606D7 /* CinemixTests */,
				A293EE982B43AC8700B606D7 /* CinemixUITests */,
				A293EE762B43AC8400B606D7 /* Products */,
			);
			sourceTree = "<group>";
		};
		A293EE762B43AC8400B606D7 /* Products */ = {
			isa = PBXGroup;
			children = (
				A293EE752B43AC8400B606D7 /* Cinemix.app */,
				A293EE8B2B43AC8700B606D7 /* CinemixTests.xctest */,
				A293EE952B43AC8700B606D7 /* CinemixUITests.xctest */,
			);
			name = Products;
			sourceTree = "<group>";
		};
		A293EE772B43AC8400B606D7 /* Cinemix */ = {
			isa = PBXGroup;
			children = (
				A293EEA82B43ACD600B606D7 /* Model */,
				A293EEAB2B43ACF000B606D7 /* View */,
				A293EEAC2B43ACF900B606D7 /* Intent */,
				A293EEAE2B43AD5900B606D7 /* Service */,
				A293EEB02B43AD7A00B606D7 /* Utility */,
				A293EEB12B43AD8800B606D7 /* Component */,
				A293EEAD2B43AD2800B606D7 /* Resources */,
				A293EE782B43AC8400B606D7 /* CinemixApp.swift */,
				A293EE832B43AC8600B606D7 /* Cinemix.entitlements */,
				A293EECD2B43B13800B606D7 /* Info.plist */,
				A293EE842B43AC8600B606D7 /* Preview Content */,
			);
			path = Cinemix;
			sourceTree = "<group>";
		};
		A293EE842B43AC8600B606D7 /* Preview Content */ = {
			isa = PBXGroup;
			children = (
				A293EE852B43AC8600B606D7 /* Preview Assets.xcassets */,
			);
			path = "Preview Content";
			sourceTree = "<group>";
		};
		A293EE8E2B43AC8700B606D7 /* CinemixTests */ = {
			isa = PBXGroup;
			children = (
				A293EE8F2B43AC8700B606D7 /* CinemixTests.swift */,
			);
			path = CinemixTests;
			sourceTree = "<group>";
		};
		A293EE982B43AC8700B606D7 /* CinemixUITests */ = {
			isa = PBXGroup;
			children = (
				A293EE992B43AC8700B606D7 /* CinemixUITests.swift */,
				A293EE9B2B43AC8700B606D7 /* CinemixUITestsLaunchTests.swift */,
			);
			path = CinemixUITests;
			sourceTree = "<group>";
		};
		A293EEA82B43ACD600B606D7 /* Model */ = {
			isa = PBXGroup;
			children = (
				A2498C282B43B55D0088532C /* DataModel */,
				A293EEA92B43ACE900B606D7 /* MusicModel.swift */,
				A293EEC12B43AEDF00B606D7 /* MovieModel.swift */,
			);
			path = Model;
			sourceTree = "<group>";
		};
		A293EEAB2B43ACF000B606D7 /* View */ = {
			isa = PBXGroup;
			children = (
				A293EEC52B43AF7400B606D7 /* SearchMusicView.swift */,
				A293EEBF2B43AE6F00B606D7 /* ListView.swift */,
				A24FD3E52B43BB800084940B /* MusicDetailView.swift */,
				A293EEBD2B43AE5A00B606D7 /* BookmarkView.swift */,
				A293EEAF2B43AD6D00B606D7 /* TabBar */,
			);
			path = View;
			sourceTree = "<group>";
		};
		A293EEAC2B43ACF900B606D7 /* Intent */ = {
			isa = PBXGroup;
			children = (
				A2498C292B43B6430088532C /* SearchMusicIntent.swift */,
				A21EAED02B44B02C00DA990A /* MusicListIntent.swift */,
				A21EAED22B44B19A00DA990A /* LazyImageIntent.swift */,
				A21EAED52B44BA1800DA990A /* BookmarkIntent.swift */,
			);
			path = Intent;
			sourceTree = "<group>";
		};
		A293EEAD2B43AD2800B606D7 /* Resources */ = {
			isa = PBXGroup;
			children = (
				A293EE812B43AC8600B606D7 /* Assets.xcassets */,
				A293EE7C2B43AC8400B606D7 /* Cinemix.xcdatamodeld */,
			);
			path = Resources;
			sourceTree = "<group>";
		};
		A293EEAE2B43AD5900B606D7 /* Service */ = {
			isa = PBXGroup;
			children = (
				A293EEC92B43AFC100B606D7 /* NetworkManager.swift */,
				A293EEC72B43AFAE00B606D7 /* APIManager.swift */,
				A293EECB2B43AFCF00B606D7 /* CacheManager.swift */,
			);
			path = Service;
			sourceTree = "<group>";
		};
		A293EEAF2B43AD6D00B606D7 /* TabBar */ = {
			isa = PBXGroup;
			children = (
				A293EEB22B43ADAA00B606D7 /* TabBarView.swift */,
			);
			path = TabBar;
			sourceTree = "<group>";
		};
		A293EEB02B43AD7A00B606D7 /* Utility */ = {
			isa = PBXGroup;
			children = (
				A293EEB62B43AE0700B606D7 /* DataManager.swift */,
				A293EEB92B43AE2000B606D7 /* FileManagerClass.swift */,
				A21EAED72B44BC3900DA990A /* MediaManager.swift */,
				A293EEBB2B43AE3300B606D7 /* Validation.swift */,
				A293EEB42B43ADF600B606D7 /* Constants.swift */,
			);
			path = Utility;
			sourceTree = "<group>";
		};
		A293EEB12B43AD8800B606D7 /* Component */ = {
			isa = PBXGroup;
			children = (
				A2498C222B43B4C50088532C /* Component.swift */,
			);
			path = Component;
			sourceTree = "<group>";
		};
/* End PBXGroup section */

/* Begin PBXNativeTarget section */
		A293EE742B43AC8400B606D7 /* Cinemix */ = {
			isa = PBXNativeTarget;
			buildConfigurationList = A293EE9F2B43AC8700B606D7 /* Build configuration list for PBXNativeTarget "Cinemix" */;
			buildPhases = (
				A293EE712B43AC8400B606D7 /* Sources */,
				A293EE722B43AC8400B606D7 /* Frameworks */,
				A293EE732B43AC8400B606D7 /* Resources */,
			);
			buildRules = (
			);
			dependencies = (
			);
			name = Cinemix;
			productName = Cinemix;
			productReference = A293EE752B43AC8400B606D7 /* Cinemix.app */;
			productType = "com.apple.product-type.application";
		};
		A293EE8A2B43AC8700B606D7 /* CinemixTests */ = {
			isa = PBXNativeTarget;
			buildConfigurationList = A293EEA22B43AC8700B606D7 /* Build configuration list for PBXNativeTarget "CinemixTests" */;
			buildPhases = (
				A293EE872B43AC8700B606D7 /* Sources */,
				A293EE882B43AC8700B606D7 /* Frameworks */,
				A293EE892B43AC8700B606D7 /* Resources */,
			);
			buildRules = (
			);
			dependencies = (
				A293EE8D2B43AC8700B606D7 /* PBXTargetDependency */,
			);
			name = CinemixTests;
			productName = CinemixTests;
			productReference = A293EE8B2B43AC8700B606D7 /* CinemixTests.xctest */;
			productType = "com.apple.product-type.bundle.unit-test";
		};
		A293EE942B43AC8700B606D7 /* CinemixUITests */ = {
			isa = PBXNativeTarget;
			buildConfigurationList = A293EEA52B43AC8700B606D7 /* Build configuration list for PBXNativeTarget "CinemixUITests" */;
			buildPhases = (
				A293EE912B43AC8700B606D7 /* Sources */,
				A293EE922B43AC8700B606D7 /* Frameworks */,
				A293EE932B43AC8700B606D7 /* Resources */,
			);
			buildRules = (
			);
			dependencies = (
				A293EE972B43AC8700B606D7 /* PBXTargetDependency */,
			);
			name = CinemixUITests;
			productName = CinemixUITests;
			productReference = A293EE952B43AC8700B606D7 /* CinemixUITests.xctest */;
			productType = "com.apple.product-type.bundle.ui-testing";
		};
/* End PBXNativeTarget section */

/* Begin PBXProject section */
		A293EE6D2B43AC8400B606D7 /* Project object */ = {
			isa = PBXProject;
			attributes = {
				BuildIndependentTargetsInParallel = 1;
				LastSwiftUpdateCheck = 1510;
				LastUpgradeCheck = 1510;
				TargetAttributes = {
					A293EE742B43AC8400B606D7 = {
						CreatedOnToolsVersion = 15.1;
					};
					A293EE8A2B43AC8700B606D7 = {
						CreatedOnToolsVersion = 15.1;
						TestTargetID = A293EE742B43AC8400B606D7;
					};
					A293EE942B43AC8700B606D7 = {
						CreatedOnToolsVersion = 15.1;
						TestTargetID = A293EE742B43AC8400B606D7;
					};
				};
			};
			buildConfigurationList = A293EE702B43AC8400B606D7 /* Build configuration list for PBXProject "Cinemix" */;
			compatibilityVersion = "Xcode 14.0";
			developmentRegion = en;
			hasScannedForEncodings = 0;
			knownRegions = (
				en,
				Base,
			);
			mainGroup = A293EE6C2B43AC8400B606D7;
			productRefGroup = A293EE762B43AC8400B606D7 /* Products */;
			projectDirPath = "";
			projectRoot = "";
			targets = (
				A293EE742B43AC8400B606D7 /* Cinemix */,
				A293EE8A2B43AC8700B606D7 /* CinemixTests */,
				A293EE942B43AC8700B606D7 /* CinemixUITests */,
			);
		};
/* End PBXProject section */

/* Begin PBXResourcesBuildPhase section */
		A293EE732B43AC8400B606D7 /* Resources */ = {
			isa = PBXResourcesBuildPhase;
			buildActionMask = 2147483647;
			files = (
				A293EE862B43AC8600B606D7 /* Preview Assets.xcassets in Resources */,
				A293EE822B43AC8600B606D7 /* Assets.xcassets in Resources */,
			);
			runOnlyForDeploymentPostprocessing = 0;
		};
		A293EE892B43AC8700B606D7 /* Resources */ = {
			isa = PBXResourcesBuildPhase;
			buildActionMask = 2147483647;
			files = (
			);
			runOnlyForDeploymentPostprocessing = 0;
		};
		A293EE932B43AC8700B606D7 /* Resources */ = {
			isa = PBXResourcesBuildPhase;
			buildActionMask = 2147483647;
			files = (
			);
			runOnlyForDeploymentPostprocessing = 0;
		};
/* End PBXResourcesBuildPhase section */

/* Begin PBXSourcesBuildPhase section */
		A293EE712B43AC8400B606D7 /* Sources */ = {
			isa = PBXSourcesBuildPhase;
			buildActionMask = 2147483647;
			files = (
				A293EEC22B43AEDF00B606D7 /* MovieModel.swift in Sources */,
				A2498C232B43B4C50088532C /* Component.swift in Sources */,
				A2498C2A2B43B6430088532C /* SearchMusicIntent.swift in Sources */,
				A293EECC2B43AFCF00B606D7 /* CacheManager.swift in Sources */,
				A293EE792B43AC8400B606D7 /* CinemixApp.swift in Sources */,
				A21EAED32B44B19A00DA990A /* LazyImageIntent.swift in Sources */,
				A293EEB72B43AE0700B606D7 /* DataManager.swift in Sources */,
				A293EEBA2B43AE2000B606D7 /* FileManagerClass.swift in Sources */,
				A293EEAA2B43ACE900B606D7 /* MusicModel.swift in Sources */,
				A293EEB52B43ADF600B606D7 /* Constants.swift in Sources */,
				A21EAED12B44B02C00DA990A /* MusicListIntent.swift in Sources */,
				A293EEB32B43ADAA00B606D7 /* TabBarView.swift in Sources */,
				A2498C272B43B54F0088532C /* Bookmark+CoreDataProperties.swift in Sources */,
				A293EEC02B43AE6F00B606D7 /* ListView.swift in Sources */,
				A293EEBE2B43AE5A00B606D7 /* BookmarkView.swift in Sources */,
				A293EEBC2B43AE3300B606D7 /* Validation.swift in Sources */,
				A21EAED82B44BC3900DA990A /* MediaManager.swift in Sources */,
				A293EECA2B43AFC100B606D7 /* NetworkManager.swift in Sources */,
				A21EAED62B44BA1800DA990A /* BookmarkIntent.swift in Sources */,
				A24FD3E62B43BB800084940B /* MusicDetailView.swift in Sources */,
				A293EEC82B43AFAE00B606D7 /* APIManager.swift in Sources */,
				A293EEC62B43AF7400B606D7 /* SearchMusicView.swift in Sources */,
				A2498C262B43B54F0088532C /* Bookmark+CoreDataClass.swift in Sources */,
				A293EE7E2B43AC8400B606D7 /* Cinemix.xcdatamodeld in Sources */,
			);
			runOnlyForDeploymentPostprocessing = 0;
		};
		A293EE872B43AC8700B606D7 /* Sources */ = {
			isa = PBXSourcesBuildPhase;
			buildActionMask = 2147483647;
			files = (
				A293EE902B43AC8700B606D7 /* CinemixTests.swift in Sources */,
			);
			runOnlyForDeploymentPostprocessing = 0;
		};
		A293EE912B43AC8700B606D7 /* Sources */ = {
			isa = PBXSourcesBuildPhase;
			buildActionMask = 2147483647;
			files = (
				A293EE9C2B43AC8700B606D7 /* CinemixUITestsLaunchTests.swift in Sources */,
				A293EE9A2B43AC8700B606D7 /* CinemixUITests.swift in Sources */,
			);
			runOnlyForDeploymentPostprocessing = 0;
		};
/* End PBXSourcesBuildPhase section */

/* Begin PBXTargetDependency section */
		A293EE8D2B43AC8700B606D7 /* PBXTargetDependency */ = {
			isa = PBXTargetDependency;
			target = A293EE742B43AC8400B606D7 /* Cinemix */;
			targetProxy = A293EE8C2B43AC8700B606D7 /* PBXContainerItemProxy */;
		};
		A293EE972B43AC8700B606D7 /* PBXTargetDependency */ = {
			isa = PBXTargetDependency;
			target = A293EE742B43AC8400B606D7 /* Cinemix */;
			targetProxy = A293EE962B43AC8700B606D7 /* PBXContainerItemProxy */;
		};
/* End PBXTargetDependency section */

/* Begin XCBuildConfiguration section */
		A293EE9D2B43AC8700B606D7 /* Debug */ = {
			isa = XCBuildConfiguration;
			buildSettings = {
				ALWAYS_SEARCH_USER_PATHS = NO;
				ASSETCATALOG_COMPILER_GENERATE_SWIFT_ASSET_SYMBOL_EXTENSIONS = YES;
				CLANG_ANALYZER_NONNULL = YES;
				CLANG_ANALYZER_NUMBER_OBJECT_CONVERSION = YES_AGGRESSIVE;
				CLANG_CXX_LANGUAGE_STANDARD = "gnu++20";
				CLANG_ENABLE_MODULES = YES;
				CLANG_ENABLE_OBJC_ARC = YES;
				CLANG_ENABLE_OBJC_WEAK = YES;
				CLANG_WARN_BLOCK_CAPTURE_AUTORELEASING = YES;
				CLANG_WARN_BOOL_CONVERSION = YES;
				CLANG_WARN_COMMA = YES;
				CLANG_WARN_CONSTANT_CONVERSION = YES;
				CLANG_WARN_DEPRECATED_OBJC_IMPLEMENTATIONS = YES;
				CLANG_WARN_DIRECT_OBJC_ISA_USAGE = YES_ERROR;
				CLANG_WARN_DOCUMENTATION_COMMENTS = YES;
				CLANG_WARN_EMPTY_BODY = YES;
				CLANG_WARN_ENUM_CONVERSION = YES;
				CLANG_WARN_INFINITE_RECURSION = YES;
				CLANG_WARN_INT_CONVERSION = YES;
				CLANG_WARN_NON_LITERAL_NULL_CONVERSION = YES;
				CLANG_WARN_OBJC_IMPLICIT_RETAIN_SELF = YES;
				CLANG_WARN_OBJC_LITERAL_CONVERSION = YES;
				CLANG_WARN_OBJC_ROOT_CLASS = YES_ERROR;
				CLANG_WARN_QUOTED_INCLUDE_IN_FRAMEWORK_HEADER = YES;
				CLANG_WARN_RANGE_LOOP_ANALYSIS = YES;
				CLANG_WARN_STRICT_PROTOTYPES = YES;
				CLANG_WARN_SUSPICIOUS_MOVE = YES;
				CLANG_WARN_UNGUARDED_AVAILABILITY = YES_AGGRESSIVE;
				CLANG_WARN_UNREACHABLE_CODE = YES;
				CLANG_WARN__DUPLICATE_METHOD_MATCH = YES;
				COPY_PHASE_STRIP = NO;
				DEBUG_INFORMATION_FORMAT = dwarf;
				ENABLE_STRICT_OBJC_MSGSEND = YES;
				ENABLE_TESTABILITY = YES;
				ENABLE_USER_SCRIPT_SANDBOXING = YES;
				GCC_C_LANGUAGE_STANDARD = gnu17;
				GCC_DYNAMIC_NO_PIC = NO;
				GCC_NO_COMMON_BLOCKS = YES;
				GCC_OPTIMIZATION_LEVEL = 0;
				GCC_PREPROCESSOR_DEFINITIONS = (
					"DEBUG=1",
					"$(inherited)",
				);
				GCC_WARN_64_TO_32_BIT_CONVERSION = YES;
				GCC_WARN_ABOUT_RETURN_TYPE = YES_ERROR;
				GCC_WARN_UNDECLARED_SELECTOR = YES;
				GCC_WARN_UNINITIALIZED_AUTOS = YES_AGGRESSIVE;
				GCC_WARN_UNUSED_FUNCTION = YES;
				GCC_WARN_UNUSED_VARIABLE = YES;
				LOCALIZATION_PREFERS_STRING_CATALOGS = YES;
				MTL_ENABLE_DEBUG_INFO = INCLUDE_SOURCE;
				MTL_FAST_MATH = YES;
				ONLY_ACTIVE_ARCH = YES;
				SWIFT_ACTIVE_COMPILATION_CONDITIONS = "DEBUG $(inherited)";
				SWIFT_OPTIMIZATION_LEVEL = "-Onone";
			};
			name = Debug;
		};
		A293EE9E2B43AC8700B606D7 /* Release */ = {
			isa = XCBuildConfiguration;
			buildSettings = {
				ALWAYS_SEARCH_USER_PATHS = NO;
				ASSETCATALOG_COMPILER_GENERATE_SWIFT_ASSET_SYMBOL_EXTENSIONS = YES;
				CLANG_ANALYZER_NONNULL = YES;
				CLANG_ANALYZER_NUMBER_OBJECT_CONVERSION = YES_AGGRESSIVE;
				CLANG_CXX_LANGUAGE_STANDARD = "gnu++20";
				CLANG_ENABLE_MODULES = YES;
				CLANG_ENABLE_OBJC_ARC = YES;
				CLANG_ENABLE_OBJC_WEAK = YES;
				CLANG_WARN_BLOCK_CAPTURE_AUTORELEASING = YES;
				CLANG_WARN_BOOL_CONVERSION = YES;
				CLANG_WARN_COMMA = YES;
				CLANG_WARN_CONSTANT_CONVERSION = YES;
				CLANG_WARN_DEPRECATED_OBJC_IMPLEMENTATIONS = YES;
				CLANG_WARN_DIRECT_OBJC_ISA_USAGE = YES_ERROR;
				CLANG_WARN_DOCUMENTATION_COMMENTS = YES;
				CLANG_WARN_EMPTY_BODY = YES;
				CLANG_WARN_ENUM_CONVERSION = YES;
				CLANG_WARN_INFINITE_RECURSION = YES;
				CLANG_WARN_INT_CONVERSION = YES;
				CLANG_WARN_NON_LITERAL_NULL_CONVERSION = YES;
				CLANG_WARN_OBJC_IMPLICIT_RETAIN_SELF = YES;
				CLANG_WARN_OBJC_LITERAL_CONVERSION = YES;
				CLANG_WARN_OBJC_ROOT_CLASS = YES_ERROR;
				CLANG_WARN_QUOTED_INCLUDE_IN_FRAMEWORK_HEADER = YES;
				CLANG_WARN_RANGE_LOOP_ANALYSIS = YES;
				CLANG_WARN_STRICT_PROTOTYPES = YES;
				CLANG_WARN_SUSPICIOUS_MOVE = YES;
				CLANG_WARN_UNGUARDED_AVAILABILITY = YES_AGGRESSIVE;
				CLANG_WARN_UNREACHABLE_CODE = YES;
				CLANG_WARN__DUPLICATE_METHOD_MATCH = YES;
				COPY_PHASE_STRIP = NO;
				DEBUG_INFORMATION_FORMAT = "dwarf-with-dsym";
				ENABLE_NS_ASSERTIONS = NO;
				ENABLE_STRICT_OBJC_MSGSEND = YES;
				ENABLE_USER_SCRIPT_SANDBOXING = YES;
				GCC_C_LANGUAGE_STANDARD = gnu17;
				GCC_NO_COMMON_BLOCKS = YES;
				GCC_WARN_64_TO_32_BIT_CONVERSION = YES;
				GCC_WARN_ABOUT_RETURN_TYPE = YES_ERROR;
				GCC_WARN_UNDECLARED_SELECTOR = YES;
				GCC_WARN_UNINITIALIZED_AUTOS = YES_AGGRESSIVE;
				GCC_WARN_UNUSED_FUNCTION = YES;
				GCC_WARN_UNUSED_VARIABLE = YES;
				LOCALIZATION_PREFERS_STRING_CATALOGS = YES;
				MTL_ENABLE_DEBUG_INFO = NO;
				MTL_FAST_MATH = YES;
				SWIFT_COMPILATION_MODE = wholemodule;
			};
			name = Release;
		};
		A293EEA02B43AC8700B606D7 /* Debug */ = {
			isa = XCBuildConfiguration;
			buildSettings = {
				ASSETCATALOG_COMPILER_APPICON_NAME = AppIcon;
				ASSETCATALOG_COMPILER_GLOBAL_ACCENT_COLOR_NAME = AccentColor;
				CODE_SIGN_ENTITLEMENTS = Cinemix/Cinemix.entitlements;
				CODE_SIGN_STYLE = Automatic;
				CURRENT_PROJECT_VERSION = 1;
				DEVELOPMENT_ASSET_PATHS = "\"Cinemix/Preview Content\"";
				DEVELOPMENT_TEAM = AJ6UG629X6;
				ENABLE_HARDENED_RUNTIME = YES;
				ENABLE_PREVIEWS = YES;
				GENERATE_INFOPLIST_FILE = YES;
				INFOPLIST_FILE = Cinemix/Info.plist;
				"INFOPLIST_KEY_UIApplicationSceneManifest_Generation[sdk=iphoneos*]" = YES;
				"INFOPLIST_KEY_UIApplicationSceneManifest_Generation[sdk=iphonesimulator*]" = YES;
				"INFOPLIST_KEY_UIApplicationSupportsIndirectInputEvents[sdk=iphoneos*]" = YES;
				"INFOPLIST_KEY_UIApplicationSupportsIndirectInputEvents[sdk=iphonesimulator*]" = YES;
				"INFOPLIST_KEY_UILaunchScreen_Generation[sdk=iphoneos*]" = YES;
				"INFOPLIST_KEY_UILaunchScreen_Generation[sdk=iphonesimulator*]" = YES;
				"INFOPLIST_KEY_UIStatusBarStyle[sdk=iphoneos*]" = UIStatusBarStyleDefault;
				"INFOPLIST_KEY_UIStatusBarStyle[sdk=iphonesimulator*]" = UIStatusBarStyleDefault;
				INFOPLIST_KEY_UISupportedInterfaceOrientations_iPad = "UIInterfaceOrientationPortrait UIInterfaceOrientationPortraitUpsideDown UIInterfaceOrientationLandscapeLeft UIInterfaceOrientationLandscapeRight";
				INFOPLIST_KEY_UISupportedInterfaceOrientations_iPhone = "UIInterfaceOrientationPortrait UIInterfaceOrientationLandscapeLeft UIInterfaceOrientationLandscapeRight";
				IPHONEOS_DEPLOYMENT_TARGET = 17.2;
				LD_RUNPATH_SEARCH_PATHS = "@executable_path/Frameworks";
				"LD_RUNPATH_SEARCH_PATHS[sdk=macosx*]" = "@executable_path/../Frameworks";
				MACOSX_DEPLOYMENT_TARGET = 14.2;
				MARKETING_VERSION = 1.0;
				PRODUCT_BUNDLE_IDENTIFIER = com.singhinamerica.Cinemix;
				PRODUCT_NAME = "$(TARGET_NAME)";
				SDKROOT = auto;
				SUPPORTED_PLATFORMS = "iphoneos iphonesimulator macosx";
				SWIFT_EMIT_LOC_STRINGS = YES;
				SWIFT_VERSION = 5.0;
				TARGETED_DEVICE_FAMILY = "1,2";
			};
			name = Debug;
		};
		A293EEA12B43AC8700B606D7 /* Release */ = {
			isa = XCBuildConfiguration;
			buildSettings = {
				ASSETCATALOG_COMPILER_APPICON_NAME = AppIcon;
				ASSETCATALOG_COMPILER_GLOBAL_ACCENT_COLOR_NAME = AccentColor;
				CODE_SIGN_ENTITLEMENTS = Cinemix/Cinemix.entitlements;
				CODE_SIGN_STYLE = Automatic;
				CURRENT_PROJECT_VERSION = 1;
				DEVELOPMENT_ASSET_PATHS = "\"Cinemix/Preview Content\"";
				DEVELOPMENT_TEAM = AJ6UG629X6;
				ENABLE_HARDENED_RUNTIME = YES;
				ENABLE_PREVIEWS = YES;
				GENERATE_INFOPLIST_FILE = YES;
				INFOPLIST_FILE = Cinemix/Info.plist;
				"INFOPLIST_KEY_UIApplicationSceneManifest_Generation[sdk=iphoneos*]" = YES;
				"INFOPLIST_KEY_UIApplicationSceneManifest_Generation[sdk=iphonesimulator*]" = YES;
				"INFOPLIST_KEY_UIApplicationSupportsIndirectInputEvents[sdk=iphoneos*]" = YES;
				"INFOPLIST_KEY_UIApplicationSupportsIndirectInputEvents[sdk=iphonesimulator*]" = YES;
				"INFOPLIST_KEY_UILaunchScreen_Generation[sdk=iphoneos*]" = YES;
				"INFOPLIST_KEY_UILaunchScreen_Generation[sdk=iphonesimulator*]" = YES;
				"INFOPLIST_KEY_UIStatusBarStyle[sdk=iphoneos*]" = UIStatusBarStyleDefault;
				"INFOPLIST_KEY_UIStatusBarStyle[sdk=iphonesimulator*]" = UIStatusBarStyleDefault;
				INFOPLIST_KEY_UISupportedInterfaceOrientations_iPad = "UIInterfaceOrientationPortrait UIInterfaceOrientationPortraitUpsideDown UIInterfaceOrientationLandscapeLeft UIInterfaceOrientationLandscapeRight";
				INFOPLIST_KEY_UISupportedInterfaceOrientations_iPhone = "UIInterfaceOrientationPortrait UIInterfaceOrientationLandscapeLeft UIInterfaceOrientationLandscapeRight";
				IPHONEOS_DEPLOYMENT_TARGET = 17.2;
				LD_RUNPATH_SEARCH_PATHS = "@executable_path/Frameworks";
				"LD_RUNPATH_SEARCH_PATHS[sdk=macosx*]" = "@executable_path/../Frameworks";
				MACOSX_DEPLOYMENT_TARGET = 14.2;
				MARKETING_VERSION = 1.0;
				PRODUCT_BUNDLE_IDENTIFIER = com.singhinamerica.Cinemix;
				PRODUCT_NAME = "$(TARGET_NAME)";
				SDKROOT = auto;
				SUPPORTED_PLATFORMS = "iphoneos iphonesimulator macosx";
				SWIFT_EMIT_LOC_STRINGS = YES;
				SWIFT_VERSION = 5.0;
				TARGETED_DEVICE_FAMILY = "1,2";
			};
			name = Release;
		};
		A293EEA32B43AC8700B606D7 /* Debug */ = {
			isa = XCBuildConfiguration;
			buildSettings = {
				ALWAYS_EMBED_SWIFT_STANDARD_LIBRARIES = YES;
				BUNDLE_LOADER = "$(TEST_HOST)";
				CODE_SIGN_STYLE = Automatic;
				CURRENT_PROJECT_VERSION = 1;
				DEVELOPMENT_TEAM = AJ6UG629X6;
				GENERATE_INFOPLIST_FILE = YES;
				IPHONEOS_DEPLOYMENT_TARGET = 17.2;
				MACOSX_DEPLOYMENT_TARGET = 14.2;
				MARKETING_VERSION = 1.0;
				PRODUCT_BUNDLE_IDENTIFIER = com.singhinamerica.CinemixTests;
				PRODUCT_NAME = "$(TARGET_NAME)";
				SDKROOT = auto;
				SUPPORTED_PLATFORMS = "iphoneos iphonesimulator macosx";
				SWIFT_EMIT_LOC_STRINGS = NO;
				SWIFT_VERSION = 5.0;
				TARGETED_DEVICE_FAMILY = "1,2";
				TEST_HOST = "$(BUILT_PRODUCTS_DIR)/Cinemix.app/$(BUNDLE_EXECUTABLE_FOLDER_PATH)/Cinemix";
			};
			name = Debug;
		};
		A293EEA42B43AC8700B606D7 /* Release */ = {
			isa = XCBuildConfiguration;
			buildSettings = {
				ALWAYS_EMBED_SWIFT_STANDARD_LIBRARIES = YES;
				BUNDLE_LOADER = "$(TEST_HOST)";
				CODE_SIGN_STYLE = Automatic;
				CURRENT_PROJECT_VERSION = 1;
				DEVELOPMENT_TEAM = AJ6UG629X6;
				GENERATE_INFOPLIST_FILE = YES;
				IPHONEOS_DEPLOYMENT_TARGET = 17.2;
				MACOSX_DEPLOYMENT_TARGET = 14.2;
				MARKETING_VERSION = 1.0;
				PRODUCT_BUNDLE_IDENTIFIER = com.singhinamerica.CinemixTests;
				PRODUCT_NAME = "$(TARGET_NAME)";
				SDKROOT = auto;
				SUPPORTED_PLATFORMS = "iphoneos iphonesimulator macosx";
				SWIFT_EMIT_LOC_STRINGS = NO;
				SWIFT_VERSION = 5.0;
				TARGETED_DEVICE_FAMILY = "1,2";
				TEST_HOST = "$(BUILT_PRODUCTS_DIR)/Cinemix.app/$(BUNDLE_EXECUTABLE_FOLDER_PATH)/Cinemix";
			};
			name = Release;
		};
		A293EEA62B43AC8700B606D7 /* Debug */ = {
			isa = XCBuildConfiguration;
			buildSettings = {
				ALWAYS_EMBED_SWIFT_STANDARD_LIBRARIES = YES;
				CODE_SIGN_STYLE = Automatic;
				CURRENT_PROJECT_VERSION = 1;
				DEVELOPMENT_TEAM = AJ6UG629X6;
				GENERATE_INFOPLIST_FILE = YES;
				IPHONEOS_DEPLOYMENT_TARGET = 17.2;
				MACOSX_DEPLOYMENT_TARGET = 14.2;
				MARKETING_VERSION = 1.0;
				PRODUCT_BUNDLE_IDENTIFIER = com.singhinamerica.CinemixUITests;
				PRODUCT_NAME = "$(TARGET_NAME)";
				SDKROOT = auto;
				SUPPORTED_PLATFORMS = "iphoneos iphonesimulator macosx";
				SWIFT_EMIT_LOC_STRINGS = NO;
				SWIFT_VERSION = 5.0;
				TARGETED_DEVICE_FAMILY = "1,2";
				TEST_TARGET_NAME = Cinemix;
			};
			name = Debug;
		};
		A293EEA72B43AC8700B606D7 /* Release */ = {
			isa = XCBuildConfiguration;
			buildSettings = {
				ALWAYS_EMBED_SWIFT_STANDARD_LIBRARIES = YES;
				CODE_SIGN_STYLE = Automatic;
				CURRENT_PROJECT_VERSION = 1;
				DEVELOPMENT_TEAM = AJ6UG629X6;
				GENERATE_INFOPLIST_FILE = YES;
				IPHONEOS_DEPLOYMENT_TARGET = 17.2;
				MACOSX_DEPLOYMENT_TARGET = 14.2;
				MARKETING_VERSION = 1.0;
				PRODUCT_BUNDLE_IDENTIFIER = com.singhinamerica.CinemixUITests;
				PRODUCT_NAME = "$(TARGET_NAME)";
				SDKROOT = auto;
				SUPPORTED_PLATFORMS = "iphoneos iphonesimulator macosx";
				SWIFT_EMIT_LOC_STRINGS = NO;
				SWIFT_VERSION = 5.0;
				TARGETED_DEVICE_FAMILY = "1,2";
				TEST_TARGET_NAME = Cinemix;
			};
			name = Release;
		};
/* End XCBuildConfiguration section */

/* Begin XCConfigurationList section */
		A293EE702B43AC8400B606D7 /* Build configuration list for PBXProject "Cinemix" */ = {
			isa = XCConfigurationList;
			buildConfigurations = (
				A293EE9D2B43AC8700B606D7 /* Debug */,
				A293EE9E2B43AC8700B606D7 /* Release */,
			);
			defaultConfigurationIsVisible = 0;
			defaultConfigurationName = Release;
		};
		A293EE9F2B43AC8700B606D7 /* Build configuration list for PBXNativeTarget "Cinemix" */ = {
			isa = XCConfigurationList;
			buildConfigurations = (
				A293EEA02B43AC8700B606D7 /* Debug */,
				A293EEA12B43AC8700B606D7 /* Release */,
			);
			defaultConfigurationIsVisible = 0;
			defaultConfigurationName = Release;
		};
		A293EEA22B43AC8700B606D7 /* Build configuration list for PBXNativeTarget "CinemixTests" */ = {
			isa = XCConfigurationList;
			buildConfigurations = (
				A293EEA32B43AC8700B606D7 /* Debug */,
				A293EEA42B43AC8700B606D7 /* Release */,
			);
			defaultConfigurationIsVisible = 0;
			defaultConfigurationName = Release;
		};
		A293EEA52B43AC8700B606D7 /* Build configuration list for PBXNativeTarget "CinemixUITests" */ = {
			isa = XCConfigurationList;
			buildConfigurations = (
				A293EEA62B43AC8700B606D7 /* Debug */,
				A293EEA72B43AC8700B606D7 /* Release */,
			);
			defaultConfigurationIsVisible = 0;
			defaultConfigurationName = Release;
		};
/* End XCConfigurationList section */

/* Begin XCVersionGroup section */
		A293EE7C2B43AC8400B606D7 /* Cinemix.xcdatamodeld */ = {
			isa = XCVersionGroup;
			children = (
				A293EE7D2B43AC8400B606D7 /* Cinemix.xcdatamodel */,
			);
			currentVersion = A293EE7D2B43AC8400B606D7 /* Cinemix.xcdatamodel */;
			path = Cinemix.xcdatamodeld;
			sourceTree = "<group>";
			versionGroupType = wrapper.xcdatamodel;
		};
/* End XCVersionGroup section */
	};
	rootObject = A293EE6D2B43AC8400B606D7 /* Project object */;
}
